
Microsoft Visual Studio Solution File, Format Version 12.00
# Visual Studio Version 17
VisualStudioVersion = 17.4.33122.133
MinimumVisualStudioVersion = 10.0.40219.1
Project("{FAE04EC0-301F-11D3-BF4B-00C04F79EFBC}") = "DOAN", "DOAN\DOAN.csproj", "{502AB657-9FCB-43B4-AE48-7061E04B557E}"
EndProject
Global
	GlobalSection(SolutionConfigurationPlatforms) = preSolution
		Debug|Any CPU = Debug|Any CPU
		Release|Any CPU = Release|Any CPU
	EndGlobalSection
	GlobalSection(ProjectConfigurationPlatforms) = postSolution
		{502AB657-9FCB-43B4-AE48-7061E04B557E}.Debug|Any CPU.ActiveCfg = Debug|Any CPU
		{502AB657-9FCB-43B4-AE48-7061E04B557E}.Debug|Any CPU.Build.0 = Debug|Any CPU
		{502AB657-9FCB-43B4-AE48-7061E04B557E}.Release|Any CPU.ActiveCfg = Release|Any CPU
		{502AB657-9FCB-43B4-AE48-7061E04B557E}.Release|Any CPU.Build.0 = Release|Any CPU
	EndGlobalSection
	GlobalSection(SolutionProperties) = preSolution
		HideSolutionNode = FALSE
	EndGlobalSection
	GlobalSection(ExtensibilityGlobals) = postSolution
		SolutionGuid = {74422FE4-D161-4D19-91E0-E5F7E3B8B7AD}
	EndGlobalSection
EndGlobal
